{
  "object": {
    "pins": [
      {
        "package": "HTMLEntities",
        "repositoryURL": "https://github.com/IBM-Swift/swift-html-entities.git",
        "state": {
          "branch": null,
          "revision": "744c094976355aa96ca61b9b60ef0a38e979feb7",
          "version": "3.0.14"
        }
      },
      {
        "package": "SwiftSyntax",
        "repositoryURL": "https://github.com/apple/swift-syntax.git",
        "state": {
          "branch": "swift-5.2-DEVELOPMENT-SNAPSHOT-2020-03-09-a",
          "revision": "75914650fd1f4a8e65c3bf27f2f7599762aae1f5",
          "version": null
        }
      }
    ]
  },
  "version": 1
}
